{
  "name": "wada",
  "version": "1.0.0",
  "lockfileVersion": 1,
  "requires": true,
  "dependencies": {
    "intl-relative-time-format": {
      "version": "1.0.6",
      "resolved": "https://registry.npmjs.org/intl-relative-time-format/-/intl-relative-time-format-1.0.6.tgz",
      "integrity": "sha512-Q/Zc/8FtxdH3eFYbY28xwSBYP1ixe+xsnkdU+eE/0bEZd7Nxcik526dBnM8FVoO/JjyTzHEOHUtFKBT6HVYaUA=="
    }
  }
}
